
Microsoft Visual Studio Solution File, Format Version 12.00
# Visual Studio Version 17
VisualStudioVersion = 17.2.32602.215
MinimumVisualStudioVersion = 10.0.40219.1
Project("{FAE04EC0-301F-11D3-BF4B-00C04F79EFBC}") = "panel", "panel\panel.csproj", "{9A319985-7178-46D2-A73D-27452F406686}"
EndProject
Global
	GlobalSection(SolutionConfigurationPlatforms) = preSolution
		Debug|Any CPU = Debug|Any CPU
		Release|Any CPU = Release|Any CPU
	EndGlobalSection
	GlobalSection(ProjectConfigurationPlatforms) = postSolution
		{9A319985-7178-46D2-A73D-27452F406686}.Debug|Any CPU.ActiveCfg = Debug|Any CPU
		{9A319985-7178-46D2-A73D-27452F406686}.Debug|Any CPU.Build.0 = Debug|Any CPU
		{9A319985-7178-46D2-A73D-27452F406686}.Release|Any CPU.ActiveCfg = Release|Any CPU
		{9A319985-7178-46D2-A73D-27452F406686}.Release|Any CPU.Build.0 = Release|Any CPU
	EndGlobalSection
	GlobalSection(SolutionProperties) = preSolution
		HideSolutionNode = FALSE
	EndGlobalSection
	GlobalSection(ExtensibilityGlobals) = postSolution
		SolutionGuid = {5AC5879A-841B-4457-ADA2-7B0C43C4FF4C}
	EndGlobalSection
EndGlobal
